gitlab.com/toby3d/hugo v0.0.0-20201207023508-d497ca7d70b0 h1:IW6usM8hT1bfmmLai66IxBKoioeqzw9RoY34wf8hW0s=
gitlab.com/toby3d/hugo/webmonetization v0.0.0-20201207023508-d497ca7d70b0 h1:hzT9UfoX0nMQqxW09ojQiaQViU/jFWa+WCtVBhvQISU=
gitlab.com/toby3d/hugo/webmonetization v0.0.0-20201207023508-d497ca7d70b0/go.mod h1:p52No1wASEK1LG6jL32lu6aM2GPFiqnCuNeMdEeWX3o=
